
Microsoft Visual Studio Solution File, Format Version 12.00
# Visual Studio Version 17
VisualStudioVersion = 17.14.36408.4
MinimumVisualStudioVersion = 10.0.40219.1
Project("{FAE04EC0-301F-11D3-BF4B-00C04F79EFBC}") = "MagRetentionReload", "MagRetentionReload\MagRetentionReload.csproj", "{EEA84106-A9ED-426F-A963-4B0E1E89CD1C}"
EndProject
Project("{FAE04EC0-301F-11D3-BF4B-00C04F79EFBC}") = "MagRetentionReload.Net", "MagRetentionReload.Net\MagRetentionReload.Net.csproj", "{A5E5DF33-FB30-4A69-9CE8-E934B7A438C2}"
EndProject
Global
	GlobalSection(SolutionConfigurationPlatforms) = preSolution
		Debug|Any CPU = Debug|Any CPU
		Release|Any CPU = Release|Any CPU
	EndGlobalSection
	GlobalSection(ProjectConfigurationPlatforms) = postSolution
		{EEA84106-A9ED-426F-A963-4B0E1E89CD1C}.Debug|Any CPU.ActiveCfg = Debug|Any CPU
		{EEA84106-A9ED-426F-A963-4B0E1E89CD1C}.Debug|Any CPU.Build.0 = Debug|Any CPU
		{EEA84106-A9ED-426F-A963-4B0E1E89CD1C}.Release|Any CPU.ActiveCfg = Release|Any CPU
		{EEA84106-A9ED-426F-A963-4B0E1E89CD1C}.Release|Any CPU.Build.0 = Release|Any CPU
		{A5E5DF33-FB30-4A69-9CE8-E934B7A438C2}.Debug|Any CPU.ActiveCfg = Debug|Any CPU
		{A5E5DF33-FB30-4A69-9CE8-E934B7A438C2}.Debug|Any CPU.Build.0 = Debug|Any CPU
		{A5E5DF33-FB30-4A69-9CE8-E934B7A438C2}.Release|Any CPU.ActiveCfg = Release|Any CPU
		{A5E5DF33-FB30-4A69-9CE8-E934B7A438C2}.Release|Any CPU.Build.0 = Release|Any CPU
	EndGlobalSection
	GlobalSection(SolutionProperties) = preSolution
		HideSolutionNode = FALSE
	EndGlobalSection
	GlobalSection(ExtensibilityGlobals) = postSolution
		SolutionGuid = {CDC9DD9A-3DAE-4455-AA2E-18B6EFC705B0}
	EndGlobalSection
EndGlobal
